
Microsoft Visual Studio Solution File, Format Version 11.00
# Visual Studio 2010
Project("{FAE04EC0-301F-11D3-BF4B-00C04F79EFBC}") = "ProcestaEncryptAndDescript", "ProcestaEncryptAndDescript\ProcestaEncryptAndDescript.csproj", "{780604F1-35A9-4E44-924F-D913F322674C}"
EndProject
Project("{FAE04EC0-301F-11D3-BF4B-00C04F79EFBC}") = "ProcestaVariables", "..\ProcestaVariables\ProcestaVariables\ProcestaVariables.csproj", "{B70620B2-400B-4605-A6A4-7EA495550874}"
EndProject
Global
	GlobalSection(SolutionConfigurationPlatforms) = preSolution
		Debug|Any CPU = Debug|Any CPU
		Release|Any CPU = Release|Any CPU
	EndGlobalSection
	GlobalSection(ProjectConfigurationPlatforms) = postSolution
		{780604F1-35A9-4E44-924F-D913F322674C}.Debug|Any CPU.ActiveCfg = Debug|Any CPU
		{780604F1-35A9-4E44-924F-D913F322674C}.Debug|Any CPU.Build.0 = Debug|Any CPU
		{780604F1-35A9-4E44-924F-D913F322674C}.Release|Any CPU.ActiveCfg = Release|Any CPU
		{780604F1-35A9-4E44-924F-D913F322674C}.Release|Any CPU.Build.0 = Release|Any CPU
		{B70620B2-400B-4605-A6A4-7EA495550874}.Debug|Any CPU.ActiveCfg = Debug|Any CPU
		{B70620B2-400B-4605-A6A4-7EA495550874}.Debug|Any CPU.Build.0 = Debug|Any CPU
		{B70620B2-400B-4605-A6A4-7EA495550874}.Release|Any CPU.ActiveCfg = Release|Any CPU
		{B70620B2-400B-4605-A6A4-7EA495550874}.Release|Any CPU.Build.0 = Release|Any CPU
	EndGlobalSection
	GlobalSection(SolutionProperties) = preSolution
		HideSolutionNode = FALSE
	EndGlobalSection
EndGlobal
